
Microsoft Visual Studio Solution File, Format Version 12.00
# Visual Studio Version 16
VisualStudioVersion = 16.0.28922.388
MinimumVisualStudioVersion = 10.0.40219.1
Project("{FAE04EC0-301F-11D3-BF4B-00C04F79EFBC}") = "AdventOfCodeUtilities", "Utilities\AdventOfCodeUtilities.csproj", "{B6403C52-91A9-4475-A81A-E21E53835CB7}"
EndProject
Project("{FAE04EC0-301F-11D3-BF4B-00C04F79EFBC}") = "TemplateProject", "TemplateProject\TemplateProject.csproj", "{65208485-CE44-4757-AFA3-7F37373400BA}"
EndProject
Project("{FAE04EC0-301F-11D3-BF4B-00C04F79EFBC}") = "Day 1 - Report Repair", "Day 1 - Report Repair\Day 1 - Report Repair.csproj", "{3A463E83-3FB1-40D7-A195-4C2CDF2DC081}"
EndProject
Project("{FAE04EC0-301F-11D3-BF4B-00C04F79EFBC}") = "Day 2 - Password Philosophy", "Day 2 - Password Philosophy\Day 2 - Password Philosophy.csproj", "{AA23BC87-C533-4CFA-B695-F03B8FA83C82}"
EndProject
Project("{FAE04EC0-301F-11D3-BF4B-00C04F79EFBC}") = "Day 3 - Toboggan Trajectory", "Day 3 - Toboggan Trajectory\Day 3 - Toboggan Trajectory.csproj", "{AFFF8436-DA57-4140-A852-75924ECEDB07}"
EndProject
Project("{FAE04EC0-301F-11D3-BF4B-00C04F79EFBC}") = "Day 4 - Passport Processing", "Day 4 - Passport Processing\Day 4 - Passport Processing.csproj", "{402F68E5-86DB-41FE-9135-621BE5FDAF95}"
EndProject
Project("{FAE04EC0-301F-11D3-BF4B-00C04F79EFBC}") = "Day 5 - Binary Boarding", "Day 5 - Binary Boarding\Day 5 - Binary Boarding.csproj", "{312C2F9E-0E55-43A9-B5D2-6F1C7A6DC80B}"
EndProject
Project("{FAE04EC0-301F-11D3-BF4B-00C04F79EFBC}") = "Day 6 - Custom Customs", "Day 6 - Custom Customs\Day 6 - Custom Customs.csproj", "{7F3B8C5B-64A7-4127-904F-8F343D449208}"
EndProject
Project("{FAE04EC0-301F-11D3-BF4B-00C04F79EFBC}") = "Day 7 - Handy Haversacks", "Day 7 - Handy Haversacks\Day 7 - Handy Haversacks.csproj", "{42BAF15A-362C-4EA5-A39F-11563A9033E9}"
EndProject
Project("{FAE04EC0-301F-11D3-BF4B-00C04F79EFBC}") = "Day 8 - Handheld Halting", "Day 8 - Handheld Halting\Day 8 - Handheld Halting.csproj", "{4B26CCD2-CBDB-4F14-851B-A7F2F700BCE6}"
EndProject
Project("{FAE04EC0-301F-11D3-BF4B-00C04F79EFBC}") = "Day 9 - Encoding Error", "Day 9 - Encoding Error\Day 9 - Encoding Error.csproj", "{01DEAAD2-321A-493C-A1B8-C6B917E5EA34}"
EndProject
Project("{FAE04EC0-301F-11D3-BF4B-00C04F79EFBC}") = "Day 10 - Adapter Array", "Day 10 - Adapter Array\Day 10 - Adapter Array.csproj", "{CAADEA0F-03CD-41DC-B2ED-DFBBE6F81E56}"
EndProject
Project("{FAE04EC0-301F-11D3-BF4B-00C04F79EFBC}") = "Day 11 - Seating System", "Day 11 - Seating System\Day 11 - Seating System.csproj", "{D1812645-4927-408E-A99A-90494AE7EEB3}"
EndProject
Project("{FAE04EC0-301F-11D3-BF4B-00C04F79EFBC}") = "Day 12 - Rain Risk", "Day 12 - Rain Risk\Day 12 - Rain Risk.csproj", "{E1822805-B70D-49F9-8DF6-FF864FE9AA77}"
EndProject
Project("{FAE04EC0-301F-11D3-BF4B-00C04F79EFBC}") = "Day 13 - Shuttle Search", "Day 13 - Shuttle Search\Day 13 - Shuttle Search.csproj", "{F882201F-B624-41BE-94A6-9170C86581AE}"
EndProject
Project("{FAE04EC0-301F-11D3-BF4B-00C04F79EFBC}") = "Day 14 - Docking Data", "Day 14 - Docking Data\Day 14 - Docking Data.csproj", "{887C3EB6-EB82-4E3B-B5BE-E1F8EEAD411E}"
EndProject
Project("{FAE04EC0-301F-11D3-BF4B-00C04F79EFBC}") = "Day 15 - Rambunctious Recitation", "Day 15 - Rambunctious Recitation\Day 15 - Rambunctious Recitation.csproj", "{1C51F8FF-AA61-43E3-A180-777CD53C8289}"
EndProject
Project("{FAE04EC0-301F-11D3-BF4B-00C04F79EFBC}") = "Day 16 - Ticket Translation", "Day 16 - Ticket Translation\Day 16 - Ticket Translation.csproj", "{F0A5B6DD-7121-422E-87E9-41E613C89D27}"
EndProject
Project("{FAE04EC0-301F-11D3-BF4B-00C04F79EFBC}") = "Day 17 - Conway Cubes", "Day 17 - Conway Cubes\Day 17 - Conway Cubes.csproj", "{D8330A33-CD18-40E4-B0AD-7F0F069AD1F6}"
EndProject
Project("{FAE04EC0-301F-11D3-BF4B-00C04F79EFBC}") = "Day 18 - Operation Order", "Day 18 - Operation Order\Day 18 - Operation Order.csproj", "{B31D5DA9-27FA-4B34-B019-92F859986D5C}"
EndProject
Project("{FAE04EC0-301F-11D3-BF4B-00C04F79EFBC}") = "Day 19 - Monster Messages", "Day 19 - Monster Messages\Day 19 - Monster Messages.csproj", "{4ECF2CE4-0D48-434D-B71B-C5B63258E605}"
EndProject
Project("{FAE04EC0-301F-11D3-BF4B-00C04F79EFBC}") = "Day 20 - Jurassic Jigsaw", "Day 20 - Jurassic Jigsaw\Day 20 - Jurassic Jigsaw.csproj", "{47033EB5-A652-4C8C-AD98-BB8C1A310365}"
EndProject
Project("{FAE04EC0-301F-11D3-BF4B-00C04F79EFBC}") = "Day 21 - Allergen Assessment", "Day 21 - Allergen Assessment\Day 21 - Allergen Assessment.csproj", "{C0743CF5-C8C0-4EE7-9ED4-E4C10FEA13F7}"
EndProject
Project("{FAE04EC0-301F-11D3-BF4B-00C04F79EFBC}") = "Day 22 - Crab Combat", "Day 22 - Crab Combat\Day 22 - Crab Combat.csproj", "{52796341-8167-43CD-ACDE-8850B6D45A17}"
EndProject
Project("{FAE04EC0-301F-11D3-BF4B-00C04F79EFBC}") = "Day 23 - Crab Cups", "Day 23 - Crab Cups\Day 23 - Crab Cups.csproj", "{FCAD3912-1B2E-491C-BC00-26DD35D6CEFE}"
EndProject
Global
	GlobalSection(SolutionConfigurationPlatforms) = preSolution
		Debug|Any CPU = Debug|Any CPU
		Release|Any CPU = Release|Any CPU
	EndGlobalSection
	GlobalSection(ProjectConfigurationPlatforms) = postSolution
		{B6403C52-91A9-4475-A81A-E21E53835CB7}.Debug|Any CPU.ActiveCfg = Debug|Any CPU
		{B6403C52-91A9-4475-A81A-E21E53835CB7}.Debug|Any CPU.Build.0 = Debug|Any CPU
		{B6403C52-91A9-4475-A81A-E21E53835CB7}.Release|Any CPU.ActiveCfg = Release|Any CPU
		{B6403C52-91A9-4475-A81A-E21E53835CB7}.Release|Any CPU.Build.0 = Release|Any CPU
		{65208485-CE44-4757-AFA3-7F37373400BA}.Debug|Any CPU.ActiveCfg = Debug|Any CPU
		{65208485-CE44-4757-AFA3-7F37373400BA}.Debug|Any CPU.Build.0 = Debug|Any CPU
		{65208485-CE44-4757-AFA3-7F37373400BA}.Release|Any CPU.ActiveCfg = Release|Any CPU
		{65208485-CE44-4757-AFA3-7F37373400BA}.Release|Any CPU.Build.0 = Release|Any CPU
		{3A463E83-3FB1-40D7-A195-4C2CDF2DC081}.Debug|Any CPU.ActiveCfg = Debug|Any CPU
		{3A463E83-3FB1-40D7-A195-4C2CDF2DC081}.Debug|Any CPU.Build.0 = Debug|Any CPU
		{3A463E83-3FB1-40D7-A195-4C2CDF2DC081}.Release|Any CPU.ActiveCfg = Release|Any CPU
		{3A463E83-3FB1-40D7-A195-4C2CDF2DC081}.Release|Any CPU.Build.0 = Release|Any CPU
		{AA23BC87-C533-4CFA-B695-F03B8FA83C82}.Debug|Any CPU.ActiveCfg = Debug|Any CPU
		{AA23BC87-C533-4CFA-B695-F03B8FA83C82}.Debug|Any CPU.Build.0 = Debug|Any CPU
		{AA23BC87-C533-4CFA-B695-F03B8FA83C82}.Release|Any CPU.ActiveCfg = Release|Any CPU
		{AA23BC87-C533-4CFA-B695-F03B8FA83C82}.Release|Any CPU.Build.0 = Release|Any CPU
		{AFFF8436-DA57-4140-A852-75924ECEDB07}.Debug|Any CPU.ActiveCfg = Debug|Any CPU
		{AFFF8436-DA57-4140-A852-75924ECEDB07}.Debug|Any CPU.Build.0 = Debug|Any CPU
		{AFFF8436-DA57-4140-A852-75924ECEDB07}.Release|Any CPU.ActiveCfg = Release|Any CPU
		{AFFF8436-DA57-4140-A852-75924ECEDB07}.Release|Any CPU.Build.0 = Release|Any CPU
		{402F68E5-86DB-41FE-9135-621BE5FDAF95}.Debug|Any CPU.ActiveCfg = Debug|Any CPU
		{402F68E5-86DB-41FE-9135-621BE5FDAF95}.Debug|Any CPU.Build.0 = Debug|Any CPU
		{402F68E5-86DB-41FE-9135-621BE5FDAF95}.Release|Any CPU.ActiveCfg = Release|Any CPU
		{402F68E5-86DB-41FE-9135-621BE5FDAF95}.Release|Any CPU.Build.0 = Release|Any CPU
		{312C2F9E-0E55-43A9-B5D2-6F1C7A6DC80B}.Debug|Any CPU.ActiveCfg = Debug|Any CPU
		{312C2F9E-0E55-43A9-B5D2-6F1C7A6DC80B}.Debug|Any CPU.Build.0 = Debug|Any CPU
		{312C2F9E-0E55-43A9-B5D2-6F1C7A6DC80B}.Release|Any CPU.ActiveCfg = Release|Any CPU
		{312C2F9E-0E55-43A9-B5D2-6F1C7A6DC80B}.Release|Any CPU.Build.0 = Release|Any CPU
		{7F3B8C5B-64A7-4127-904F-8F343D449208}.Debug|Any CPU.ActiveCfg = Debug|Any CPU
		{7F3B8C5B-64A7-4127-904F-8F343D449208}.Debug|Any CPU.Build.0 = Debug|Any CPU
		{7F3B8C5B-64A7-4127-904F-8F343D449208}.Release|Any CPU.ActiveCfg = Release|Any CPU
		{7F3B8C5B-64A7-4127-904F-8F343D449208}.Release|Any CPU.Build.0 = Release|Any CPU
		{42BAF15A-362C-4EA5-A39F-11563A9033E9}.Debug|Any CPU.ActiveCfg = Debug|Any CPU
		{42BAF15A-362C-4EA5-A39F-11563A9033E9}.Debug|Any CPU.Build.0 = Debug|Any CPU
		{42BAF15A-362C-4EA5-A39F-11563A9033E9}.Release|Any CPU.ActiveCfg = Release|Any CPU
		{42BAF15A-362C-4EA5-A39F-11563A9033E9}.Release|Any CPU.Build.0 = Release|Any CPU
		{4B26CCD2-CBDB-4F14-851B-A7F2F700BCE6}.Debug|Any CPU.ActiveCfg = Debug|Any CPU
		{4B26CCD2-CBDB-4F14-851B-A7F2F700BCE6}.Debug|Any CPU.Build.0 = Debug|Any CPU
		{4B26CCD2-CBDB-4F14-851B-A7F2F700BCE6}.Release|Any CPU.ActiveCfg = Release|Any CPU
		{4B26CCD2-CBDB-4F14-851B-A7F2F700BCE6}.Release|Any CPU.Build.0 = Release|Any CPU
		{01DEAAD2-321A-493C-A1B8-C6B917E5EA34}.Debug|Any CPU.ActiveCfg = Debug|Any CPU
		{01DEAAD2-321A-493C-A1B8-C6B917E5EA34}.Debug|Any CPU.Build.0 = Debug|Any CPU
		{01DEAAD2-321A-493C-A1B8-C6B917E5EA34}.Release|Any CPU.ActiveCfg = Release|Any CPU
		{01DEAAD2-321A-493C-A1B8-C6B917E5EA34}.Release|Any CPU.Build.0 = Release|Any CPU
		{CAADEA0F-03CD-41DC-B2ED-DFBBE6F81E56}.Debug|Any CPU.ActiveCfg = Debug|Any CPU
		{CAADEA0F-03CD-41DC-B2ED-DFBBE6F81E56}.Debug|Any CPU.Build.0 = Debug|Any CPU
		{CAADEA0F-03CD-41DC-B2ED-DFBBE6F81E56}.Release|Any CPU.ActiveCfg = Release|Any CPU
		{CAADEA0F-03CD-41DC-B2ED-DFBBE6F81E56}.Release|Any CPU.Build.0 = Release|Any CPU
		{D1812645-4927-408E-A99A-90494AE7EEB3}.Debug|Any CPU.ActiveCfg = Debug|Any CPU
		{D1812645-4927-408E-A99A-90494AE7EEB3}.Debug|Any CPU.Build.0 = Debug|Any CPU
		{D1812645-4927-408E-A99A-90494AE7EEB3}.Release|Any CPU.ActiveCfg = Release|Any CPU
		{D1812645-4927-408E-A99A-90494AE7EEB3}.Release|Any CPU.Build.0 = Release|Any CPU
		{E1822805-B70D-49F9-8DF6-FF864FE9AA77}.Debug|Any CPU.ActiveCfg = Debug|Any CPU
		{E1822805-B70D-49F9-8DF6-FF864FE9AA77}.Debug|Any CPU.Build.0 = Debug|Any CPU
		{E1822805-B70D-49F9-8DF6-FF864FE9AA77}.Release|Any CPU.ActiveCfg = Release|Any CPU
		{E1822805-B70D-49F9-8DF6-FF864FE9AA77}.Release|Any CPU.Build.0 = Release|Any CPU
		{F882201F-B624-41BE-94A6-9170C86581AE}.Debug|Any CPU.ActiveCfg = Debug|Any CPU
		{F882201F-B624-41BE-94A6-9170C86581AE}.Debug|Any CPU.Build.0 = Debug|Any CPU
		{F882201F-B624-41BE-94A6-9170C86581AE}.Release|Any CPU.ActiveCfg = Release|Any CPU
		{F882201F-B624-41BE-94A6-9170C86581AE}.Release|Any CPU.Build.0 = Release|Any CPU
		{887C3EB6-EB82-4E3B-B5BE-E1F8EEAD411E}.Debug|Any CPU.ActiveCfg = Debug|Any CPU
		{887C3EB6-EB82-4E3B-B5BE-E1F8EEAD411E}.Debug|Any CPU.Build.0 = Debug|Any CPU
		{887C3EB6-EB82-4E3B-B5BE-E1F8EEAD411E}.Release|Any CPU.ActiveCfg = Release|Any CPU
		{887C3EB6-EB82-4E3B-B5BE-E1F8EEAD411E}.Release|Any CPU.Build.0 = Release|Any CPU
		{1C51F8FF-AA61-43E3-A180-777CD53C8289}.Debug|Any CPU.ActiveCfg = Debug|Any CPU
		{1C51F8FF-AA61-43E3-A180-777CD53C8289}.Debug|Any CPU.Build.0 = Debug|Any CPU
		{1C51F8FF-AA61-43E3-A180-777CD53C8289}.Release|Any CPU.ActiveCfg = Release|Any CPU
		{1C51F8FF-AA61-43E3-A180-777CD53C8289}.Release|Any CPU.Build.0 = Release|Any CPU
		{F0A5B6DD-7121-422E-87E9-41E613C89D27}.Debug|Any CPU.ActiveCfg = Debug|Any CPU
		{F0A5B6DD-7121-422E-87E9-41E613C89D27}.Debug|Any CPU.Build.0 = Debug|Any CPU
		{F0A5B6DD-7121-422E-87E9-41E613C89D27}.Release|Any CPU.ActiveCfg = Release|Any CPU
		{F0A5B6DD-7121-422E-87E9-41E613C89D27}.Release|Any CPU.Build.0 = Release|Any CPU
		{D8330A33-CD18-40E4-B0AD-7F0F069AD1F6}.Debug|Any CPU.ActiveCfg = Debug|Any CPU
		{D8330A33-CD18-40E4-B0AD-7F0F069AD1F6}.Debug|Any CPU.Build.0 = Debug|Any CPU
		{D8330A33-CD18-40E4-B0AD-7F0F069AD1F6}.Release|Any CPU.ActiveCfg = Release|Any CPU
		{D8330A33-CD18-40E4-B0AD-7F0F069AD1F6}.Release|Any CPU.Build.0 = Release|Any CPU
		{B31D5DA9-27FA-4B34-B019-92F859986D5C}.Debug|Any CPU.ActiveCfg = Debug|Any CPU
		{B31D5DA9-27FA-4B34-B019-92F859986D5C}.Debug|Any CPU.Build.0 = Debug|Any CPU
		{B31D5DA9-27FA-4B34-B019-92F859986D5C}.Release|Any CPU.ActiveCfg = Release|Any CPU
		{B31D5DA9-27FA-4B34-B019-92F859986D5C}.Release|Any CPU.Build.0 = Release|Any CPU
		{4ECF2CE4-0D48-434D-B71B-C5B63258E605}.Debug|Any CPU.ActiveCfg = Debug|Any CPU
		{4ECF2CE4-0D48-434D-B71B-C5B63258E605}.Debug|Any CPU.Build.0 = Debug|Any CPU
		{4ECF2CE4-0D48-434D-B71B-C5B63258E605}.Release|Any CPU.ActiveCfg = Release|Any CPU
		{4ECF2CE4-0D48-434D-B71B-C5B63258E605}.Release|Any CPU.Build.0 = Release|Any CPU
		{47033EB5-A652-4C8C-AD98-BB8C1A310365}.Debug|Any CPU.ActiveCfg = Debug|Any CPU
		{47033EB5-A652-4C8C-AD98-BB8C1A310365}.Debug|Any CPU.Build.0 = Debug|Any CPU
		{47033EB5-A652-4C8C-AD98-BB8C1A310365}.Release|Any CPU.ActiveCfg = Release|Any CPU
		{47033EB5-A652-4C8C-AD98-BB8C1A310365}.Release|Any CPU.Build.0 = Release|Any CPU
		{C0743CF5-C8C0-4EE7-9ED4-E4C10FEA13F7}.Debug|Any CPU.ActiveCfg = Debug|Any CPU
		{C0743CF5-C8C0-4EE7-9ED4-E4C10FEA13F7}.Debug|Any CPU.Build.0 = Debug|Any CPU
		{C0743CF5-C8C0-4EE7-9ED4-E4C10FEA13F7}.Release|Any CPU.ActiveCfg = Release|Any CPU
		{C0743CF5-C8C0-4EE7-9ED4-E4C10FEA13F7}.Release|Any CPU.Build.0 = Release|Any CPU
		{52796341-8167-43CD-ACDE-8850B6D45A17}.Debug|Any CPU.ActiveCfg = Debug|Any CPU
		{52796341-8167-43CD-ACDE-8850B6D45A17}.Debug|Any CPU.Build.0 = Debug|Any CPU
		{52796341-8167-43CD-ACDE-8850B6D45A17}.Release|Any CPU.ActiveCfg = Release|Any CPU
		{52796341-8167-43CD-ACDE-8850B6D45A17}.Release|Any CPU.Build.0 = Release|Any CPU
		{FCAD3912-1B2E-491C-BC00-26DD35D6CEFE}.Debug|Any CPU.ActiveCfg = Debug|Any CPU
		{FCAD3912-1B2E-491C-BC00-26DD35D6CEFE}.Debug|Any CPU.Build.0 = Debug|Any CPU
		{FCAD3912-1B2E-491C-BC00-26DD35D6CEFE}.Release|Any CPU.ActiveCfg = Release|Any CPU
		{FCAD3912-1B2E-491C-BC00-26DD35D6CEFE}.Release|Any CPU.Build.0 = Release|Any CPU
	EndGlobalSection
	GlobalSection(SolutionProperties) = preSolution
		HideSolutionNode = FALSE
	EndGlobalSection
	GlobalSection(ExtensibilityGlobals) = postSolution
		SolutionGuid = {BD59295E-22CC-457C-8D91-B2995B9488C1}
	EndGlobalSection
EndGlobal
